
Microsoft Visual Studio Solution File, Format Version 12.00
# Visual Studio Version 17
VisualStudioVersion = 17.2.32630.192
MinimumVisualStudioVersion = 10.0.40219.1
Project("{FAE04EC0-301F-11D3-BF4B-00C04F79EFBC}") = "_8_11_CS_study_TRPG2", "_8_11_CS_study\_8_11_CS_study_TRPG2.csproj", "{5163AFF4-1D04-4B63-A62E-CCA642E51DC7}"
EndProject
Global
	GlobalSection(SolutionConfigurationPlatforms) = preSolution
		Debug|Any CPU = Debug|Any CPU
		Release|Any CPU = Release|Any CPU
	EndGlobalSection
	GlobalSection(ProjectConfigurationPlatforms) = postSolution
		{5163AFF4-1D04-4B63-A62E-CCA642E51DC7}.Debug|Any CPU.ActiveCfg = Debug|Any CPU
		{5163AFF4-1D04-4B63-A62E-CCA642E51DC7}.Debug|Any CPU.Build.0 = Debug|Any CPU
		{5163AFF4-1D04-4B63-A62E-CCA642E51DC7}.Release|Any CPU.ActiveCfg = Release|Any CPU
		{5163AFF4-1D04-4B63-A62E-CCA642E51DC7}.Release|Any CPU.Build.0 = Release|Any CPU
	EndGlobalSection
	GlobalSection(SolutionProperties) = preSolution
		HideSolutionNode = FALSE
	EndGlobalSection
	GlobalSection(ExtensibilityGlobals) = postSolution
		SolutionGuid = {85091514-93FB-4247-A2CD-7959196A83C3}
	EndGlobalSection
EndGlobal
